
Microsoft Visual Studio Solution File, Format Version 12.00
# Visual Studio Version 16
VisualStudioVersion = 16.0.29102.190
MinimumVisualStudioVersion = 10.0.40219.1
Project("{9A19103F-16F7-4668-BE54-9A1E7A4F7556}") = "HumanErrorProject.Ui", "HumanErrorProject.Ui\HumanErrorProject.Ui.csproj", "{5E0D4981-5C87-4BEE-8ACA-4F8DCA0A9573}"
EndProject
Project("{9A19103F-16F7-4668-BE54-9A1E7A4F7556}") = "HumanErrorProject.Data", "HumanErrorProject.Data\HumanErrorProject.Data.csproj", "{7EDB5241-F7E7-4E53-A852-7ABC1E42DD0E}"
EndProject
Project("{9A19103F-16F7-4668-BE54-9A1E7A4F7556}") = "HumanErrorProject.Data.Test", "HumanErrorProject.Data.Test\HumanErrorProject.Data.Test.csproj", "{744C87D8-C20D-4F75-A422-86AD34D6D68A}"
EndProject
Project("{9A19103F-16F7-4668-BE54-9A1E7A4F7556}") = "HumanErrorProject.Engine", "HumanErrorProject.Engine\HumanErrorProject.Engine.csproj", "{D3766284-3B2D-4147-8304-4A264BB89743}"
EndProject
Project("{9A19103F-16F7-4668-BE54-9A1E7A4F7556}") = "HumanErrorProject.Engine.Test", "HumanErrorProject.Engine.Test\HumanErrorProject.Engine.Test.csproj", "{78859CFB-433A-4E68-A64A-68E1817246A1}"
EndProject
Global
	GlobalSection(SolutionConfigurationPlatforms) = preSolution
		Debug|Any CPU = Debug|Any CPU
		Release|Any CPU = Release|Any CPU
	EndGlobalSection
	GlobalSection(ProjectConfigurationPlatforms) = postSolution
		{5E0D4981-5C87-4BEE-8ACA-4F8DCA0A9573}.Debug|Any CPU.ActiveCfg = Debug|Any CPU
		{5E0D4981-5C87-4BEE-8ACA-4F8DCA0A9573}.Debug|Any CPU.Build.0 = Debug|Any CPU
		{5E0D4981-5C87-4BEE-8ACA-4F8DCA0A9573}.Release|Any CPU.ActiveCfg = Release|Any CPU
		{5E0D4981-5C87-4BEE-8ACA-4F8DCA0A9573}.Release|Any CPU.Build.0 = Release|Any CPU
		{7EDB5241-F7E7-4E53-A852-7ABC1E42DD0E}.Debug|Any CPU.ActiveCfg = Debug|Any CPU
		{7EDB5241-F7E7-4E53-A852-7ABC1E42DD0E}.Debug|Any CPU.Build.0 = Debug|Any CPU
		{7EDB5241-F7E7-4E53-A852-7ABC1E42DD0E}.Release|Any CPU.ActiveCfg = Release|Any CPU
		{7EDB5241-F7E7-4E53-A852-7ABC1E42DD0E}.Release|Any CPU.Build.0 = Release|Any CPU
		{744C87D8-C20D-4F75-A422-86AD34D6D68A}.Debug|Any CPU.ActiveCfg = Debug|Any CPU
		{744C87D8-C20D-4F75-A422-86AD34D6D68A}.Debug|Any CPU.Build.0 = Debug|Any CPU
		{744C87D8-C20D-4F75-A422-86AD34D6D68A}.Release|Any CPU.ActiveCfg = Release|Any CPU
		{744C87D8-C20D-4F75-A422-86AD34D6D68A}.Release|Any CPU.Build.0 = Release|Any CPU
		{D3766284-3B2D-4147-8304-4A264BB89743}.Debug|Any CPU.ActiveCfg = Debug|Any CPU
		{D3766284-3B2D-4147-8304-4A264BB89743}.Debug|Any CPU.Build.0 = Debug|Any CPU
		{D3766284-3B2D-4147-8304-4A264BB89743}.Release|Any CPU.ActiveCfg = Release|Any CPU
		{D3766284-3B2D-4147-8304-4A264BB89743}.Release|Any CPU.Build.0 = Release|Any CPU
		{78859CFB-433A-4E68-A64A-68E1817246A1}.Debug|Any CPU.ActiveCfg = Debug|Any CPU
		{78859CFB-433A-4E68-A64A-68E1817246A1}.Debug|Any CPU.Build.0 = Debug|Any CPU
		{78859CFB-433A-4E68-A64A-68E1817246A1}.Release|Any CPU.ActiveCfg = Release|Any CPU
		{78859CFB-433A-4E68-A64A-68E1817246A1}.Release|Any CPU.Build.0 = Release|Any CPU
	EndGlobalSection
	GlobalSection(SolutionProperties) = preSolution
		HideSolutionNode = FALSE
	EndGlobalSection
	GlobalSection(ExtensibilityGlobals) = postSolution
		SolutionGuid = {D684830D-0AA6-405F-8829-8DC30A760E8A}
	EndGlobalSection
EndGlobal
